
Microsoft Visual Studio Solution File, Format Version 12.00
# Visual Studio Version 17
VisualStudioVersion = 17.9.34526.213
MinimumVisualStudioVersion = 10.0.40219.1
Project("{FAE04EC0-301F-11D3-BF4B-00C04F79EFBC}") = "EShop.Console", "EShop.Console\EShop.Console.csproj", "{84BE32DE-2415-40D3-8646-1D22F633C802}"
EndProject
Global
	GlobalSection(SolutionConfigurationPlatforms) = preSolution
		Debug|Any CPU = Debug|Any CPU
		Release|Any CPU = Release|Any CPU
	EndGlobalSection
	GlobalSection(ProjectConfigurationPlatforms) = postSolution
		{84BE32DE-2415-40D3-8646-1D22F633C802}.Debug|Any CPU.ActiveCfg = Debug|Any CPU
		{84BE32DE-2415-40D3-8646-1D22F633C802}.Debug|Any CPU.Build.0 = Debug|Any CPU
		{84BE32DE-2415-40D3-8646-1D22F633C802}.Release|Any CPU.ActiveCfg = Release|Any CPU
		{84BE32DE-2415-40D3-8646-1D22F633C802}.Release|Any CPU.Build.0 = Release|Any CPU
	EndGlobalSection
	GlobalSection(SolutionProperties) = preSolution
		HideSolutionNode = FALSE
	EndGlobalSection
	GlobalSection(ExtensibilityGlobals) = postSolution
		SolutionGuid = {3B66BAE5-A4F8-4E0A-9905-6D61A8CA929C}
	EndGlobalSection
EndGlobal
